
Microsoft Visual Studio Solution File, Format Version 12.00
# Visual Studio 15
Project("{FAE04EC0-301F-11D3-BF4B-00C04F79EFBC}") = "Girigiri_unity1week", "Assembly-CSharp.csproj", "{DA39E3E6-B542-484F-DC0A-26C4F9BD29CE}"
EndProject
Global
	GlobalSection(SolutionConfigurationPlatforms) = preSolution
		Debug|Any CPU = Debug|Any CPU
		Release|Any CPU = Release|Any CPU
	EndGlobalSection
	GlobalSection(ProjectConfigurationPlatforms) = postSolution
		{DA39E3E6-B542-484F-DC0A-26C4F9BD29CE}.Debug|Any CPU.ActiveCfg = Debug|Any CPU
		{DA39E3E6-B542-484F-DC0A-26C4F9BD29CE}.Debug|Any CPU.Build.0 = Debug|Any CPU
		{DA39E3E6-B542-484F-DC0A-26C4F9BD29CE}.Release|Any CPU.ActiveCfg = Release|Any CPU
		{DA39E3E6-B542-484F-DC0A-26C4F9BD29CE}.Release|Any CPU.Build.0 = Release|Any CPU
	EndGlobalSection
	GlobalSection(SolutionProperties) = preSolution
		HideSolutionNode = FALSE
	EndGlobalSection
EndGlobal
